# THIS IS AN AUTOGENERATED FILE. DO NOT EDIT THIS FILE DIRECTLY.
# yarn lockfile v1


"@kubex/cube-behaviors@^3.0.0-pre.1":
  version "3.0.0-pre.2"
  resolved "https://registry.yarnpkg.com/@kubex/cube-behaviors/-/cube-behaviors-3.0.0-pre.2.tgz#012b24130de39619e09b62f4b8d971491e0da7c7"
  dependencies:
    "@polymer/iron-ajax" "^3.0.0-pre.1"
    "@polymer/polymer" "^3.0.0-pre.1"
    intl-messageformat "^2.2.0"

"@kubex/cube-pagelet@^3.0.0-pre.1":
  version "3.0.0-pre.1"
  resolved "https://registry.yarnpkg.com/@kubex/cube-pagelet/-/cube-pagelet-3.0.0-pre.1.tgz#5b9c5c0a6bd792b53e55df4aa3737e7629688343"
  dependencies:
    "@kubex/cube-resource" "^3.0.0-pre.1"
    "@polymer/polymer" "^3.0.0-pre.1"

"@kubex/cube-resource@^3.0.0-pre.1":
  version "3.0.0-pre.1"
  resolved "https://registry.yarnpkg.com/@kubex/cube-resource/-/cube-resource-3.0.0-pre.1.tgz#169033686363de57014d8bc0890e8eb63abe8a42"
  dependencies:
    "@polymer/polymer" "^3.0.0-pre.1"

"@polymer/font-roboto@3.0.0-pre.12":
  version "3.0.0-pre.12"
  resolved "https://registry.yarnpkg.com/@polymer/font-roboto/-/font-roboto-3.0.0-pre.12.tgz#b19391245d1d36369f4c6136e0a328468f18f423"

"@polymer/iron-ajax@^3.0.0-pre.1":
  version "3.0.0-pre.12"
  resolved "https://registry.yarnpkg.com/@polymer/iron-ajax/-/iron-ajax-3.0.0-pre.12.tgz#fa995654e88cdef2073e3d97c206082e0f2609c8"
  dependencies:
    "@polymer/polymer" "3.0.0-pre.12"

"@polymer/iron-flex-layout@3.0.0-pre.12":
  version "3.0.0-pre.12"
  resolved "https://registry.yarnpkg.com/@polymer/iron-flex-layout/-/iron-flex-layout-3.0.0-pre.12.tgz#209791d067521115e61a9fb2cb4070f0de82322b"
  dependencies:
    "@polymer/polymer" "3.0.0-pre.12"

"@polymer/iron-icon@3.0.0-pre.12", "@polymer/iron-icon@^3.0.0-pre.1":
  version "3.0.0-pre.12"
  resolved "https://registry.yarnpkg.com/@polymer/iron-icon/-/iron-icon-3.0.0-pre.12.tgz#5c6c8cef297ef02a25703c9de1dd7aef089c8ee7"
  dependencies:
    "@polymer/iron-flex-layout" "3.0.0-pre.12"
    "@polymer/iron-meta" "3.0.0-pre.12"
    "@polymer/polymer" "3.0.0-pre.12"

"@polymer/iron-icons@^3.0.0-pre.1":
  version "3.0.0-pre.12"
  resolved "https://registry.yarnpkg.com/@polymer/iron-icons/-/iron-icons-3.0.0-pre.12.tgz#35316139f6a2c84dc207dbecce174bf122921c0f"
  dependencies:
    "@polymer/iron-icon" "3.0.0-pre.12"
    "@polymer/iron-iconset-svg" "3.0.0-pre.12"
    "@polymer/polymer" "3.0.0-pre.12"

"@polymer/iron-iconset-svg@3.0.0-pre.12":
  version "3.0.0-pre.12"
  resolved "https://registry.yarnpkg.com/@polymer/iron-iconset-svg/-/iron-iconset-svg-3.0.0-pre.12.tgz#99677b304a8ba72d5b6d9ec19ba4e0b16ef47662"
  dependencies:
    "@polymer/iron-meta" "3.0.0-pre.12"
    "@polymer/polymer" "3.0.0-pre.12"

"@polymer/iron-meta@3.0.0-pre.12":
  version "3.0.0-pre.12"
  resolved "https://registry.yarnpkg.com/@polymer/iron-meta/-/iron-meta-3.0.0-pre.12.tgz#b89c280f4d004e7d6c8263d848803837e69d9776"
  dependencies:
    "@polymer/polymer" "3.0.0-pre.12"

"@polymer/paper-styles@3.0.0-pre.12":
  version "3.0.0-pre.12"
  resolved "https://registry.yarnpkg.com/@polymer/paper-styles/-/paper-styles-3.0.0-pre.12.tgz#c8e27e078e10a3b90e74d67b964270abe7280ee3"
  dependencies:
    "@polymer/font-roboto" "3.0.0-pre.12"
    "@polymer/iron-flex-layout" "3.0.0-pre.12"
    "@polymer/polymer" "3.0.0-pre.12"

"@polymer/paper-tooltip@^3.0.0-pre.1":
  version "3.0.0-pre.12"
  resolved "https://registry.yarnpkg.com/@polymer/paper-tooltip/-/paper-tooltip-3.0.0-pre.12.tgz#e84ae376ca3d9e4f9c9ddb130731af06bf948c65"
  dependencies:
    "@polymer/paper-styles" "3.0.0-pre.12"
    "@polymer/polymer" "3.0.0-pre.12"

"@polymer/polymer@3.0.0-pre.12", "@polymer/polymer@^3.0.0-pre.1":
  version "3.0.0-pre.12"
  resolved "https://registry.yarnpkg.com/@polymer/polymer/-/polymer-3.0.0-pre.12.tgz#3f5dd19099a194bf1066cf417ae13c335bd63b04"
  dependencies:
    "@webcomponents/shadycss" "^1.0.0"
    "@webcomponents/webcomponentsjs" "^1.0.0"

"@webcomponents/shadycss@^1.0.0":
  version "1.1.3"
  resolved "https://registry.yarnpkg.com/@webcomponents/shadycss/-/shadycss-1.1.3.tgz#6d4c7d2d842de9dba1b3ac5cc051938b8439c043"

"@webcomponents/webcomponentsjs@^1.0.0":
  version "1.2.0"
  resolved "https://registry.yarnpkg.com/@webcomponents/webcomponentsjs/-/webcomponentsjs-1.2.0.tgz#c9e129340c3e4637f5fa6505e968e85face7bd5b"

intl-messageformat-parser@1.4.0:
  version "1.4.0"
  resolved "https://registry.yarnpkg.com/intl-messageformat-parser/-/intl-messageformat-parser-1.4.0.tgz#b43d45a97468cadbe44331d74bb1e8dea44fc075"

intl-messageformat@^2.2.0:
  version "2.2.0"
  resolved "https://registry.yarnpkg.com/intl-messageformat/-/intl-messageformat-2.2.0.tgz#345bcd46de630b7683330c2e52177ff5eab484fc"
  dependencies:
    intl-messageformat-parser "1.4.0"
